
Microsoft Visual Studio Solution File, Format Version 12.00
# Visual Studio Version 17
VisualStudioVersion = 17.0.31903.59
MinimumVisualStudioVersion = 10.0.40219.1
Project("{9A19103F-16F7-4668-BE54-9A1E7A4F7556}") = "BuberDinner.Api", ".\BuberDinner.Api\BuberDinner.Api.csproj", "{729D74D5-55CF-4CEB-8657-626D41E3773F}"
EndProject
Project("{9A19103F-16F7-4668-BE54-9A1E7A4F7556}") = "BuberDinner.Application", ".\BuberDinner.Application\BuberDinner.Application.csproj", "{C8FCA48A-CC7D-4557-8ACB-5CA2A9503A5A}"
EndProject
Project("{9A19103F-16F7-4668-BE54-9A1E7A4F7556}") = "BuberDinner.Contracts", ".\BuberDinner.Contracts\BuberDinner.Contracts.csproj", "{93C423F3-F1E2-43AB-87F6-E3ADBF9FC0B3}"
EndProject
Project("{9A19103F-16F7-4668-BE54-9A1E7A4F7556}") = "BuberDinner.Domain", ".\BuberDinner.Domain\BuberDinner.Domain.csproj", "{DD3F1CFF-877A-4D90-90E9-55D9D73D76DB}"
EndProject
Project("{9A19103F-16F7-4668-BE54-9A1E7A4F7556}") = "BuberDinner.Infrastructure", ".\BuberDinner.Infrastructure\BuberDinner.Infrastructure.csproj", "{DE6E8A64-9322-4B35-874D-20E814E6DD04}"
EndProject
Global
	GlobalSection(SolutionConfigurationPlatforms) = preSolution
		Debug|Any CPU = Debug|Any CPU
		Release|Any CPU = Release|Any CPU
	EndGlobalSection
	GlobalSection(ProjectConfigurationPlatforms) = postSolution
		{729D74D5-55CF-4CEB-8657-626D41E3773F}.Debug|Any CPU.ActiveCfg = Debug|Any CPU
		{729D74D5-55CF-4CEB-8657-626D41E3773F}.Debug|Any CPU.Build.0 = Debug|Any CPU
		{729D74D5-55CF-4CEB-8657-626D41E3773F}.Release|Any CPU.ActiveCfg = Release|Any CPU
		{729D74D5-55CF-4CEB-8657-626D41E3773F}.Release|Any CPU.Build.0 = Release|Any CPU
		{C8FCA48A-CC7D-4557-8ACB-5CA2A9503A5A}.Debug|Any CPU.ActiveCfg = Debug|Any CPU
		{C8FCA48A-CC7D-4557-8ACB-5CA2A9503A5A}.Debug|Any CPU.Build.0 = Debug|Any CPU
		{C8FCA48A-CC7D-4557-8ACB-5CA2A9503A5A}.Release|Any CPU.ActiveCfg = Release|Any CPU
		{C8FCA48A-CC7D-4557-8ACB-5CA2A9503A5A}.Release|Any CPU.Build.0 = Release|Any CPU
		{93C423F3-F1E2-43AB-87F6-E3ADBF9FC0B3}.Debug|Any CPU.ActiveCfg = Debug|Any CPU
		{93C423F3-F1E2-43AB-87F6-E3ADBF9FC0B3}.Debug|Any CPU.Build.0 = Debug|Any CPU
		{93C423F3-F1E2-43AB-87F6-E3ADBF9FC0B3}.Release|Any CPU.ActiveCfg = Release|Any CPU
		{93C423F3-F1E2-43AB-87F6-E3ADBF9FC0B3}.Release|Any CPU.Build.0 = Release|Any CPU
		{DD3F1CFF-877A-4D90-90E9-55D9D73D76DB}.Debug|Any CPU.ActiveCfg = Debug|Any CPU
		{DD3F1CFF-877A-4D90-90E9-55D9D73D76DB}.Debug|Any CPU.Build.0 = Debug|Any CPU
		{DD3F1CFF-877A-4D90-90E9-55D9D73D76DB}.Release|Any CPU.ActiveCfg = Release|Any CPU
		{DD3F1CFF-877A-4D90-90E9-55D9D73D76DB}.Release|Any CPU.Build.0 = Release|Any CPU
		{DE6E8A64-9322-4B35-874D-20E814E6DD04}.Debug|Any CPU.ActiveCfg = Debug|Any CPU
		{DE6E8A64-9322-4B35-874D-20E814E6DD04}.Debug|Any CPU.Build.0 = Debug|Any CPU
		{DE6E8A64-9322-4B35-874D-20E814E6DD04}.Release|Any CPU.ActiveCfg = Release|Any CPU
		{DE6E8A64-9322-4B35-874D-20E814E6DD04}.Release|Any CPU.Build.0 = Release|Any CPU
	EndGlobalSection
	GlobalSection(SolutionProperties) = preSolution
		HideSolutionNode = FALSE
	EndGlobalSection
	GlobalSection(ExtensibilityGlobals) = postSolution
		SolutionGuid = {A5289448-6D77-4A4C-8692-73DDE5002483}
	EndGlobalSection
EndGlobal
